Microsoft Visual Studio Solution File, Format Version 12.00
# Visual Studio Version 17
VisualStudioVersion = 17.9.34310.174
MinimumVisualStudioVersion = 10.0.40219.1
Project("{9A19103F-16F7-4668-BE54-9A1E7A4F7556}") = "AspireTodoApp.AppHost", "Aspire Todo App.AppHost\AspireTodoApp.AppHost.csproj", "{36CF9FA6-FDDD-4FFF-A697-5E830F4EF0A7}"
EndProject
Project("{9A19103F-16F7-4668-BE54-9A1E7A4F7556}") = "AspireTodoApp.ServiceDefaults", "Aspire Todo App.ServiceDefaults\AspireTodoApp.ServiceDefaults.csproj", "{A5F363AD-BC47-43F0-B361-05C0D11E62A8}"
EndProject
Project("{9A19103F-16F7-4668-BE54-9A1E7A4F7556}") = "AspireTodoApp.Api", "AspireTodoApp.Api\AspireTodoApp.Api.csproj", "{09381F9A-F452-482B-90F4-A62F0539BF53}"
EndProject
Global
	GlobalSection(SolutionConfigurationPlatforms) = preSolution
		Debug|Any CPU = Debug|Any CPU
		Release|Any CPU = Release|Any CPU
	EndGlobalSection
	GlobalSection(ProjectConfigurationPlatforms) = postSolution
		{36CF9FA6-FDDD-4FFF-A697-5E830F4EF0A7}.Debug|Any CPU.ActiveCfg = Debug|Any CPU
		{36CF9FA6-FDDD-4FFF-A697-5E830F4EF0A7}.Debug|Any CPU.Build.0 = Debug|Any CPU
		{36CF9FA6-FDDD-4FFF-A697-5E830F4EF0A7}.Release|Any CPU.ActiveCfg = Release|Any CPU
		{36CF9FA6-FDDD-4FFF-A697-5E830F4EF0A7}.Release|Any CPU.Build.0 = Release|Any CPU
		{A5F363AD-BC47-43F0-B361-05C0D11E62A8}.Debug|Any CPU.ActiveCfg = Debug|Any CPU
		{A5F363AD-BC47-43F0-B361-05C0D11E62A8}.Debug|Any CPU.Build.0 = Debug|Any CPU
		{A5F363AD-BC47-43F0-B361-05C0D11E62A8}.Release|Any CPU.ActiveCfg = Release|Any CPU
		{A5F363AD-BC47-43F0-B361-05C0D11E62A8}.Release|Any CPU.Build.0 = Release|Any CPU
		{09381F9A-F452-482B-90F4-A62F0539BF53}.Debug|Any CPU.ActiveCfg = Debug|Any CPU
		{09381F9A-F452-482B-90F4-A62F0539BF53}.Debug|Any CPU.Build.0 = Debug|Any CPU
		{09381F9A-F452-482B-90F4-A62F0539BF53}.Release|Any CPU.ActiveCfg = Release|Any CPU
		{09381F9A-F452-482B-90F4-A62F0539BF53}.Release|Any CPU.Build.0 = Release|Any CPU
	EndGlobalSection
	GlobalSection(SolutionProperties) = preSolution
		HideSolutionNode = FALSE
	EndGlobalSection
	GlobalSection(ExtensibilityGlobals) = postSolution
		SolutionGuid = {6C58D5D2-603F-4977-997C-873C29FE6866}
	EndGlobalSection
EndGlobal
